// !$*UTF8*$!
{
	archiveVersion = 1;
	classes = {
	};
	objectVersion = 51;
	objects = {

/* Begin PBXBuildFile section */
		19052CEE24FE2DBF00CDB86D /* APIKey.swift in Sources */ = {isa = PBXBuildFile; fileRef = 19052CED24FE2DBF00CDB86D /* APIKey.swift */; };
		19052CF124FE2E4900CDB86D /* DetailPhoto.storyboard in Resources */ = {isa = PBXBuildFile; fileRef = 19052CF024FE2E4900CDB86D /* DetailPhoto.storyboard */; };
		19052CF324FE2E6200CDB86D /* DetailPhotoViewController.swift in Sources */ = {isa = PBXBuildFile; fileRef = 19052CF224FE2E6200CDB86D /* DetailPhotoViewController.swift */; };
		19052CF524FE2ECA00CDB86D /* DetailPhotoViewModel.swift in Sources */ = {isa = PBXBuildFile; fileRef = 19052CF424FE2ECA00CDB86D /* DetailPhotoViewModel.swift */; };
		19052CF824FE2EFC00CDB86D /* RealmManager.swift in Sources */ = {isa = PBXBuildFile; fileRef = 19052CF724FE2EFC00CDB86D /* RealmManager.swift */; };
		19052CFA24FE2F9C00CDB86D /* Store.swift in Sources */ = {isa = PBXBuildFile; fileRef = 19052CF924FE2F9C00CDB86D /* Store.swift */; };
		19052CFC24FE31EE00CDB86D /* DetailPhotoCoordinator.swift in Sources */ = {isa = PBXBuildFile; fileRef = 19052CFB24FE31EE00CDB86D /* DetailPhotoCoordinator.swift */; };
		192BA2FF24F55189003240DF /* HomeCoordinator.swift in Sources */ = {isa = PBXBuildFile; fileRef = 192BA2FE24F55189003240DF /* HomeCoordinator.swift */; };
		192BA30124F55190003240DF /* StoreCoordinator.swift in Sources */ = {isa = PBXBuildFile; fileRef = 192BA30024F55190003240DF /* StoreCoordinator.swift */; };
		1956624324FE038900731A09 /* DetailPhotoCollection.storyboard in Resources */ = {isa = PBXBuildFile; fileRef = 1956624224FE038900731A09 /* DetailPhotoCollection.storyboard */; };
		1956624524FE039800731A09 /* DetailPhotoCollectionVC.swift in Sources */ = {isa = PBXBuildFile; fileRef = 1956624424FE039800731A09 /* DetailPhotoCollectionVC.swift */; };
		1956624724FE03CA00731A09 /* DetailCollectionViewModel.swift in Sources */ = {isa = PBXBuildFile; fileRef = 1956624624FE03CA00731A09 /* DetailCollectionViewModel.swift */; };
		1956624924FE04B100731A09 /* DetailPhotoCollectionCoordinator.swift in Sources */ = {isa = PBXBuildFile; fileRef = 1956624824FE04B100731A09 /* DetailPhotoCollectionCoordinator.swift */; };
		1956624C24FE06D400731A09 /* BaseCollectionView.swift in Sources */ = {isa = PBXBuildFile; fileRef = 1956624A24FE06D400731A09 /* BaseCollectionView.swift */; };
		1956624D24FE06D400731A09 /* BaseCollectionView.xib in Resources */ = {isa = PBXBuildFile; fileRef = 1956624B24FE06D400731A09 /* BaseCollectionView.xib */; };
		195AC17D2500C4160005A8E5 /* Search.storyboard in Resources */ = {isa = PBXBuildFile; fileRef = 195AC17C2500C4160005A8E5 /* Search.storyboard */; };
		195AC17F2500C4230005A8E5 /* SearchViewController.swift in Sources */ = {isa = PBXBuildFile; fileRef = 195AC17E2500C4230005A8E5 /* SearchViewController.swift */; };
		195AC1812500C5130005A8E5 /* Search.swift in Sources */ = {isa = PBXBuildFile; fileRef = 195AC1802500C5130005A8E5 /* Search.swift */; };
		195AC1832500C53F0005A8E5 /* SearchCoordinator.swift in Sources */ = {isa = PBXBuildFile; fileRef = 195AC1822500C53F0005A8E5 /* SearchCoordinator.swift */; };
		195AC1852500C5B20005A8E5 /* SearchHistory.swift in Sources */ = {isa = PBXBuildFile; fileRef = 195AC1842500C5B20005A8E5 /* SearchHistory.swift */; };
		196B37A124F8A8EB004548A3 /* Storyboard.swift in Sources */ = {isa = PBXBuildFile; fileRef = 196B37A024F8A8EB004548A3 /* Storyboard.swift */; };
		197D58AB24FCD4DF009C6974 /* UIColor+.swift in Sources */ = {isa = PBXBuildFile; fileRef = 197D58AA24FCD4DF009C6974 /* UIColor+.swift */; };
		197D58AD24FCD5DA009C6974 /* HomeViewModel.swift in Sources */ = {isa = PBXBuildFile; fileRef = 197D58AC24FCD5DA009C6974 /* HomeViewModel.swift */; };
		197D58AF24FCD638009C6974 /* NetworkManager.swift in Sources */ = {isa = PBXBuildFile; fileRef = 197D58AE24FCD638009C6974 /* NetworkManager.swift */; };
		197D58B424FCD67D009C6974 /* PhotoCollectionCell.swift in Sources */ = {isa = PBXBuildFile; fileRef = 197D58B224FCD67D009C6974 /* PhotoCollectionCell.swift */; };
		197D58B524FCD67D009C6974 /* PhotoCollectionCell.xib in Resources */ = {isa = PBXBuildFile; fileRef = 197D58B324FCD67D009C6974 /* PhotoCollectionCell.xib */; };
		197D58B724FCD6AA009C6974 /* CellViewModel.swift in Sources */ = {isa = PBXBuildFile; fileRef = 197D58B624FCD6AA009C6974 /* CellViewModel.swift */; };
		197D58BB24FCD71B009C6974 /* HeaderCollectionReusableView.swift in Sources */ = {isa = PBXBuildFile; fileRef = 197D58B924FCD71B009C6974 /* HeaderCollectionReusableView.swift */; };
		197D58BC24FCD71B009C6974 /* HeaderCollectionReusableView.xib in Resources */ = {isa = PBXBuildFile; fileRef = 197D58BA24FCD71B009C6974 /* HeaderCollectionReusableView.xib */; };
		197D58BE24FCD744009C6974 /* HeaderViewModel.swift in Sources */ = {isa = PBXBuildFile; fileRef = 197D58BD24FCD744009C6974 /* HeaderViewModel.swift */; };
		197D58C024FCD791009C6974 /* CustomLayout.swift in Sources */ = {isa = PBXBuildFile; fileRef = 197D58BF24FCD791009C6974 /* CustomLayout.swift */; };
		197D58C324FCD7CB009C6974 /* Photo.swift in Sources */ = {isa = PBXBuildFile; fileRef = 197D58C224FCD7CB009C6974 /* Photo.swift */; };
		197D58C524FCD7E0009C6974 /* PhotoCollection.swift in Sources */ = {isa = PBXBuildFile; fileRef = 197D58C424FCD7E0009C6974 /* PhotoCollection.swift */; };
		197D58C724FCD7F5009C6974 /* Links.swift in Sources */ = {isa = PBXBuildFile; fileRef = 197D58C624FCD7F5009C6974 /* Links.swift */; };
		197D58C924FCD818009C6974 /* ImageURLs.swift in Sources */ = {isa = PBXBuildFile; fileRef = 197D58C824FCD818009C6974 /* ImageURLs.swift */; };
		197D58CC24FCD861009C6974 /* APIService.swift in Sources */ = {isa = PBXBuildFile; fileRef = 197D58CB24FCD861009C6974 /* APIService.swift */; };
		197D58CF24FCD8A3009C6974 /* BaseRequest.swift in Sources */ = {isa = PBXBuildFile; fileRef = 197D58CE24FCD8A3009C6974 /* BaseRequest.swift */; };
		197D58D124FCD8BF009C6974 /* PhotoRequest.swift in Sources */ = {isa = PBXBuildFile; fileRef = 197D58D024FCD8BF009C6974 /* PhotoRequest.swift */; };
		197D58D524FCD8E8009C6974 /* Order.swift in Sources */ = {isa = PBXBuildFile; fileRef = 197D58D424FCD8E8009C6974 /* Order.swift */; };
		197D58D724FCD901009C6974 /* NetworkStatus.swift in Sources */ = {isa = PBXBuildFile; fileRef = 197D58D624FCD901009C6974 /* NetworkStatus.swift */; };
		197D58D924FCD946009C6974 /* URLs.swift in Sources */ = {isa = PBXBuildFile; fileRef = 197D58D824FCD946009C6974 /* URLs.swift */; };
		197D58DE24FCD999009C6974 /* BaseRepository.swift in Sources */ = {isa = PBXBuildFile; fileRef = 197D58DD24FCD999009C6974 /* BaseRepository.swift */; };
		197D58E024FCD9C0009C6974 /* PhotoRepositories.swift in Sources */ = {isa = PBXBuildFile; fileRef = 197D58DF24FCD9C0009C6974 /* PhotoRepositories.swift */; };
		197D58E224FCD9EB009C6974 /* CollectionsRepositories.swift in Sources */ = {isa = PBXBuildFile; fileRef = 197D58E124FCD9EB009C6974 /* CollectionsRepositories.swift */; };
		197D58E424FCDA16009C6974 /* CollectionsRequest.swift in Sources */ = {isa = PBXBuildFile; fileRef = 197D58E324FCDA16009C6974 /* CollectionsRequest.swift */; };
		19BC618825008EFE00463EBC /* EditPhotoCoordinator.swift in Sources */ = {isa = PBXBuildFile; fileRef = 19BC618725008EFE00463EBC /* EditPhotoCoordinator.swift */; };
		19CE099A24F5051100FD21EE /* Coordinator.swift in Sources */ = {isa = PBXBuildFile; fileRef = 19CE099924F5051100FD21EE /* Coordinator.swift */; };
		19CE099C24F5052F00FD21EE /* TabCoordinator.swift in Sources */ = {isa = PBXBuildFile; fileRef = 19CE099B24F5052F00FD21EE /* TabCoordinator.swift */; };
		19CE09A424F5059400FD21EE /* Root.storyboard in Resources */ = {isa = PBXBuildFile; fileRef = 19CE09A324F5059400FD21EE /* Root.storyboard */; };
		19CE09A624F5059F00FD21EE /* RootViewController.swift in Sources */ = {isa = PBXBuildFile; fileRef = 19CE09A524F5059F00FD21EE /* RootViewController.swift */; };
		19CE09A824F505E400FD21EE /* Tabbar.storyboard in Resources */ = {isa = PBXBuildFile; fileRef = 19CE09A724F505E400FD21EE /* Tabbar.storyboard */; };
		19CE09AA24F5061300FD21EE /* MainTabBarViewController.swift in Sources */ = {isa = PBXBuildFile; fileRef = 19CE09A924F5061300FD21EE /* MainTabBarViewController.swift */; };
		19CE09AC24F5064B00FD21EE /* Store.storyboard in Resources */ = {isa = PBXBuildFile; fileRef = 19CE09AB24F5064B00FD21EE /* Store.storyboard */; };
		19CE09AE24F5065F00FD21EE /* StoreViewController.swift in Sources */ = {isa = PBXBuildFile; fileRef = 19CE09AD24F5065F00FD21EE /* StoreViewController.swift */; };
		19CE09B424F506D800FD21EE /* Home.storyboard in Resources */ = {isa = PBXBuildFile; fileRef = 19CE09B324F506D800FD21EE /* Home.storyboard */; };
		19CE09B624F506EC00FD21EE /* HomeViewController.swift in Sources */ = {isa = PBXBuildFile; fileRef = 19CE09B524F506EC00FD21EE /* HomeViewController.swift */; };
		19CE09B924F5079C00FD21EE /* UIViewController+.swift in Sources */ = {isa = PBXBuildFile; fileRef = 19CE09B824F5079C00FD21EE /* UIViewController+.swift */; };
		19E3113324EA538F007ACCB8 /* AppDelegate.swift in Sources */ = {isa = PBXBuildFile; fileRef = 19E3113224EA538F007ACCB8 /* AppDelegate.swift */; };
		19E3113524EA538F007ACCB8 /* SceneDelegate.swift in Sources */ = {isa = PBXBuildFile; fileRef = 19E3113424EA538F007ACCB8 /* SceneDelegate.swift */; };
		19E3113C24EA5390007ACCB8 /* Assets.xcassets in Resources */ = {isa = PBXBuildFile; fileRef = 19E3113B24EA5390007ACCB8 /* Assets.xcassets */; };
		19E3113F24EA5390007ACCB8 /* LaunchScreen.storyboard in Resources */ = {isa = PBXBuildFile; fileRef = 19E3113D24EA5390007ACCB8 /* LaunchScreen.storyboard */; };
		78242D9C91CDEDEF95D14742 /* Pods_Unsplash.framework in Frameworks */ = {isa = PBXBuildFile; fileRef = 8119E8815C6CCDECC719E805 /* Pods_Unsplash.framework */; };
/* End PBXBuildFile section */

/* Begin PBXFileReference section */
		19052CED24FE2DBF00CDB86D /* APIKey.swift */ = {isa = PBXFileReference; lastKnownFileType = sourcecode.swift; path = APIKey.swift; sourceTree = "<group>"; };
		19052CF024FE2E4900CDB86D /* DetailPhoto.storyboard */ = {isa = PBXFileReference; lastKnownFileType = file.storyboard; path = DetailPhoto.storyboard; sourceTree = "<group>"; };
		19052CF224FE2E6200CDB86D /* DetailPhotoViewController.swift */ = {isa = PBXFileReference; lastKnownFileType = sourcecode.swift; path = DetailPhotoViewController.swift; sourceTree = "<group>"; };
		19052CF424FE2ECA00CDB86D /* DetailPhotoViewModel.swift */ = {isa = PBXFileReference; lastKnownFileType = sourcecode.swift; path = DetailPhotoViewModel.swift; sourceTree = "<group>"; };
		19052CF724FE2EFC00CDB86D /* RealmManager.swift */ = {isa = PBXFileReference; lastKnownFileType = sourcecode.swift; path = RealmManager.swift; sourceTree = "<group>"; };
		19052CF924FE2F9C00CDB86D /* Store.swift */ = {isa = PBXFileReference; lastKnownFileType = sourcecode.swift; path = Store.swift; sourceTree = "<group>"; };
		19052CFB24FE31EE00CDB86D /* DetailPhotoCoordinator.swift */ = {isa = PBXFileReference; lastKnownFileType = sourcecode.swift; path = DetailPhotoCoordinator.swift; sourceTree = "<group>"; };
		192BA2FE24F55189003240DF /* HomeCoordinator.swift */ = {isa = PBXFileReference; lastKnownFileType = sourcecode.swift; path = HomeCoordinator.swift; sourceTree = "<group>"; };
		192BA30024F55190003240DF /* StoreCoordinator.swift */ = {isa = PBXFileReference; lastKnownFileType = sourcecode.swift; path = StoreCoordinator.swift; sourceTree = "<group>"; };
		1956624224FE038900731A09 /* DetailPhotoCollection.storyboard */ = {isa = PBXFileReference; lastKnownFileType = file.storyboard; path = DetailPhotoCollection.storyboard; sourceTree = "<group>"; };
		1956624424FE039800731A09 /* DetailPhotoCollectionVC.swift */ = {isa = PBXFileReference; lastKnownFileType = sourcecode.swift; path = DetailPhotoCollectionVC.swift; sourceTree = "<group>"; };
		1956624624FE03CA00731A09 /* DetailCollectionViewModel.swift */ = {isa = PBXFileReference; lastKnownFileType = sourcecode.swift; path = DetailCollectionViewModel.swift; sourceTree = "<group>"; };
		1956624824FE04B100731A09 /* DetailPhotoCollectionCoordinator.swift */ = {isa = PBXFileReference; lastKnownFileType = sourcecode.swift; path = DetailPhotoCollectionCoordinator.swift; sourceTree = "<group>"; };
		1956624A24FE06D400731A09 /* BaseCollectionView.swift */ = {isa = PBXFileReference; lastKnownFileType = sourcecode.swift; path = BaseCollectionView.swift; sourceTree = "<group>"; };
		1956624B24FE06D400731A09 /* BaseCollectionView.xib */ = {isa = PBXFileReference; lastKnownFileType = file.xib; path = BaseCollectionView.xib; sourceTree = "<group>"; };
		195AC17C2500C4160005A8E5 /* Search.storyboard */ = {isa = PBXFileReference; lastKnownFileType = file.storyboard; path = Search.storyboard; sourceTree = "<group>"; };
		195AC17E2500C4230005A8E5 /* SearchViewController.swift */ = {isa = PBXFileReference; lastKnownFileType = sourcecode.swift; path = SearchViewController.swift; sourceTree = "<group>"; };
		195AC1802500C5130005A8E5 /* Search.swift */ = {isa = PBXFileReference; lastKnownFileType = sourcecode.swift; path = Search.swift; sourceTree = "<group>"; };
		195AC1822500C53F0005A8E5 /* SearchCoordinator.swift */ = {isa = PBXFileReference; lastKnownFileType = sourcecode.swift; path = SearchCoordinator.swift; sourceTree = "<group>"; };
		195AC1842500C5B20005A8E5 /* SearchHistory.swift */ = {isa = PBXFileReference; lastKnownFileType = sourcecode.swift; path = SearchHistory.swift; sourceTree = "<group>"; };
		196B37A024F8A8EB004548A3 /* Storyboard.swift */ = {isa = PBXFileReference; lastKnownFileType = sourcecode.swift; path = Storyboard.swift; sourceTree = "<group>"; };
		197D58AA24FCD4DF009C6974 /* UIColor+.swift */ = {isa = PBXFileReference; lastKnownFileType = sourcecode.swift; path = "UIColor+.swift"; sourceTree = "<group>"; };
		197D58AC24FCD5DA009C6974 /* HomeViewModel.swift */ = {isa = PBXFileReference; lastKnownFileType = sourcecode.swift; path = HomeViewModel.swift; sourceTree = "<group>"; };
		197D58AE24FCD638009C6974 /* NetworkManager.swift */ = {isa = PBXFileReference; lastKnownFileType = sourcecode.swift; path = NetworkManager.swift; sourceTree = "<group>"; };
		197D58B224FCD67D009C6974 /* PhotoCollectionCell.swift */ = {isa = PBXFileReference; lastKnownFileType = sourcecode.swift; path = PhotoCollectionCell.swift; sourceTree = "<group>"; };
		197D58B324FCD67D009C6974 /* PhotoCollectionCell.xib */ = {isa = PBXFileReference; lastKnownFileType = file.xib; path = PhotoCollectionCell.xib; sourceTree = "<group>"; };
		197D58B624FCD6AA009C6974 /* CellViewModel.swift */ = {isa = PBXFileReference; lastKnownFileType = sourcecode.swift; path = CellViewModel.swift; sourceTree = "<group>"; };
		197D58B924FCD71B009C6974 /* HeaderCollectionReusableView.swift */ = {isa = PBXFileReference; lastKnownFileType = sourcecode.swift; path = HeaderCollectionReusableView.swift; sourceTree = "<group>"; };
		197D58BA24FCD71B009C6974 /* HeaderCollectionReusableView.xib */ = {isa = PBXFileReference; lastKnownFileType = file.xib; path = HeaderCollectionReusableView.xib; sourceTree = "<group>"; };
		197D58BD24FCD744009C6974 /* HeaderViewModel.swift */ = {isa = PBXFileReference; lastKnownFileType = sourcecode.swift; path = HeaderViewModel.swift; sourceTree = "<group>"; };
		197D58BF24FCD791009C6974 /* CustomLayout.swift */ = {isa = PBXFileReference; lastKnownFileType = sourcecode.swift; path = CustomLayout.swift; sourceTree = "<group>"; };
		197D58C224FCD7CB009C6974 /* Photo.swift */ = {isa = PBXFileReference; lastKnownFileType = sourcecode.swift; path = Photo.swift; sourceTree = "<group>"; };
		197D58C424FCD7E0009C6974 /* PhotoCollection.swift */ = {isa = PBXFileReference; lastKnownFileType = sourcecode.swift; path = PhotoCollection.swift; sourceTree = "<group>"; };
		197D58C624FCD7F5009C6974 /* Links.swift */ = {isa = PBXFileReference; lastKnownFileType = sourcecode.swift; path = Links.swift; sourceTree = "<group>"; };
		197D58C824FCD818009C6974 /* ImageURLs.swift */ = {isa = PBXFileReference; lastKnownFileType = sourcecode.swift; path = ImageURLs.swift; sourceTree = "<group>"; };
		197D58CB24FCD861009C6974 /* APIService.swift */ = {isa = PBXFileReference; lastKnownFileType = sourcecode.swift; path = APIService.swift; sourceTree = "<group>"; };
		197D58CE24FCD8A3009C6974 /* BaseRequest.swift */ = {isa = PBXFileReference; lastKnownFileType = sourcecode.swift; path = BaseRequest.swift; sourceTree = "<group>"; };
		197D58D024FCD8BF009C6974 /* PhotoRequest.swift */ = {isa = PBXFileReference; lastKnownFileType = sourcecode.swift; path = PhotoRequest.swift; sourceTree = "<group>"; };
		197D58D424FCD8E8009C6974 /* Order.swift */ = {isa = PBXFileReference; lastKnownFileType = sourcecode.swift; path = Order.swift; sourceTree = "<group>"; };
		197D58D624FCD901009C6974 /* NetworkStatus.swift */ = {isa = PBXFileReference; lastKnownFileType = sourcecode.swift; path = NetworkStatus.swift; sourceTree = "<group>"; };
		197D58D824FCD946009C6974 /* URLs.swift */ = {isa = PBXFileReference; lastKnownFileType = sourcecode.swift; path = URLs.swift; sourceTree = "<group>"; };
		197D58DD24FCD999009C6974 /* BaseRepository.swift */ = {isa = PBXFileReference; lastKnownFileType = sourcecode.swift; path = BaseRepository.swift; sourceTree = "<group>"; };
		197D58DF24FCD9C0009C6974 /* PhotoRepositories.swift */ = {isa = PBXFileReference; lastKnownFileType = sourcecode.swift; path = PhotoRepositories.swift; sourceTree = "<group>"; };
		197D58E124FCD9EB009C6974 /* CollectionsRepositories.swift */ = {isa = PBXFileReference; lastKnownFileType = sourcecode.swift; path = CollectionsRepositories.swift; sourceTree = "<group>"; };
		197D58E324FCDA16009C6974 /* CollectionsRequest.swift */ = {isa = PBXFileReference; lastKnownFileType = sourcecode.swift; path = CollectionsRequest.swift; sourceTree = "<group>"; };
		19BC618725008EFE00463EBC /* EditPhotoCoordinator.swift */ = {isa = PBXFileReference; lastKnownFileType = sourcecode.swift; path = EditPhotoCoordinator.swift; sourceTree = "<group>"; };
		19CE099924F5051100FD21EE /* Coordinator.swift */ = {isa = PBXFileReference; lastKnownFileType = sourcecode.swift; path = Coordinator.swift; sourceTree = "<group>"; };
		19CE099B24F5052F00FD21EE /* TabCoordinator.swift */ = {isa = PBXFileReference; lastKnownFileType = sourcecode.swift; path = TabCoordinator.swift; sourceTree = "<group>"; };
		19CE09A324F5059400FD21EE /* Root.storyboard */ = {isa = PBXFileReference; lastKnownFileType = file.storyboard; name = Root.storyboard; path = Unsplash/Coordinator/Root.storyboard; sourceTree = SOURCE_ROOT; };
		19CE09A524F5059F00FD21EE /* RootViewController.swift */ = {isa = PBXFileReference; lastKnownFileType = sourcecode.swift; name = RootViewController.swift; path = Unsplash/Coordinator/RootViewController.swift; sourceTree = SOURCE_ROOT; };
		19CE09A724F505E400FD21EE /* Tabbar.storyboard */ = {isa = PBXFileReference; lastKnownFileType = file.storyboard; name = Tabbar.storyboard; path = Unsplash/Coordinator/Tabbar.storyboard; sourceTree = SOURCE_ROOT; };
		19CE09A924F5061300FD21EE /* MainTabBarViewController.swift */ = {isa = PBXFileReference; lastKnownFileType = sourcecode.swift; name = MainTabBarViewController.swift; path = Unsplash/Coordinator/MainTabBarViewController.swift; sourceTree = SOURCE_ROOT; };
		19CE09AB24F5064B00FD21EE /* Store.storyboard */ = {isa = PBXFileReference; lastKnownFileType = file.storyboard; path = Store.storyboard; sourceTree = "<group>"; };
		19CE09AD24F5065F00FD21EE /* StoreViewController.swift */ = {isa = PBXFileReference; lastKnownFileType = sourcecode.swift; path = StoreViewController.swift; sourceTree = "<group>"; };
		19CE09B324F506D800FD21EE /* Home.storyboard */ = {isa = PBXFileReference; lastKnownFileType = file.storyboard; path = Home.storyboard; sourceTree = "<group>"; };
		19CE09B524F506EC00FD21EE /* HomeViewController.swift */ = {isa = PBXFileReference; lastKnownFileType = sourcecode.swift; path = HomeViewController.swift; sourceTree = "<group>"; };
		19CE09B824F5079C00FD21EE /* UIViewController+.swift */ = {isa = PBXFileReference; lastKnownFileType = sourcecode.swift; path = "UIViewController+.swift"; sourceTree = "<group>"; };
		19E3112F24EA538F007ACCB8 /* Unsplash.app */ = {isa = PBXFileReference; explicitFileType = wrapper.application; includeInIndex = 0; path = Unsplash.app; sourceTree = BUILT_PRODUCTS_DIR; };
		19E3113224EA538F007ACCB8 /* AppDelegate.swift */ = {isa = PBXFileReference; lastKnownFileType = sourcecode.swift; path = AppDelegate.swift; sourceTree = "<group>"; };
		19E3113424EA538F007ACCB8 /* SceneDelegate.swift */ = {isa = PBXFileReference; lastKnownFileType = sourcecode.swift; path = SceneDelegate.swift; sourceTree = "<group>"; };
		19E3113B24EA5390007ACCB8 /* Assets.xcassets */ = {isa = PBXFileReference; lastKnownFileType = folder.assetcatalog; path = Assets.xcassets; sourceTree = "<group>"; };
		19E3113E24EA5390007ACCB8 /* Base */ = {isa = PBXFileReference; lastKnownFileType = file.storyboard; name = Base; path = Base.lproj/LaunchScreen.storyboard; sourceTree = "<group>"; };
		19E3114024EA5391007ACCB8 /* Info.plist */ = {isa = PBXFileReference; lastKnownFileType = text.plist.xml; path = Info.plist; sourceTree = "<group>"; };
		8119E8815C6CCDECC719E805 /* Pods_Unsplash.framework */ = {isa = PBXFileReference; explicitFileType = wrapper.framework; includeInIndex = 0; path = Pods_Unsplash.framework; sourceTree = BUILT_PRODUCTS_DIR; };
		B4C2FFB85A8188F41925DD36 /* Pods-Unsplash.debug.xcconfig */ = {isa = PBXFileReference; includeInIndex = 1; lastKnownFileType = text.xcconfig; name = "Pods-Unsplash.debug.xcconfig"; path = "Target Support Files/Pods-Unsplash/Pods-Unsplash.debug.xcconfig"; sourceTree = "<group>"; };
		E19760D2528EB6537CCFCFDC /* Pods-Unsplash.release.xcconfig */ = {isa = PBXFileReference; includeInIndex = 1; lastKnownFileType = text.xcconfig; name = "Pods-Unsplash.release.xcconfig"; path = "Target Support Files/Pods-Unsplash/Pods-Unsplash.release.xcconfig"; sourceTree = "<group>"; };
/* End PBXFileReference section */

/* Begin PBXFrameworksBuildPhase section */
		19E3112C24EA538F007ACCB8 /* Frameworks */ = {
			isa = PBXFrameworksBuildPhase;
			buildActionMask = 2147483647;
			files = (
				78242D9C91CDEDEF95D14742 /* Pods_Unsplash.framework in Frameworks */,
			);
			runOnlyForDeploymentPostprocessing = 0;
		};
/* End PBXFrameworksBuildPhase section */

/* Begin PBXGroup section */
		19052CEF24FE2E3400CDB86D /* DetailPhoto */ = {
			isa = PBXGroup;
			children = (
				19052CF224FE2E6200CDB86D /* DetailPhotoViewController.swift */,
				19052CF024FE2E4900CDB86D /* DetailPhoto.storyboard */,
				19052CF424FE2ECA00CDB86D /* DetailPhotoViewModel.swift */,
			);
			path = DetailPhoto;
			sourceTree = "<group>";
		};
		19052CF624FE2EED00CDB86D /* Realm */ = {
			isa = PBXGroup;
			children = (
				19052CF724FE2EFC00CDB86D /* RealmManager.swift */,
			);
			path = Realm;
			sourceTree = "<group>";
		};
		1956623A24FE02B800731A09 /* BaseCollectionView */ = {
			isa = PBXGroup;
			children = (
				1956624A24FE06D400731A09 /* BaseCollectionView.swift */,
				1956624B24FE06D400731A09 /* BaseCollectionView.xib */,
			);
			path = BaseCollectionView;
			sourceTree = "<group>";
		};
		1956624124FE035600731A09 /* DetailPhotoCollecton */ = {
			isa = PBXGroup;
			children = (
				1956624424FE039800731A09 /* DetailPhotoCollectionVC.swift */,
				1956624224FE038900731A09 /* DetailPhotoCollection.storyboard */,
				1956624624FE03CA00731A09 /* DetailCollectionViewModel.swift */,
			);
			path = DetailPhotoCollecton;
			sourceTree = "<group>";
		};
		195AC17B2500C3DC0005A8E5 /* Search */ = {
			isa = PBXGroup;
			children = (
				195AC17C2500C4160005A8E5 /* Search.storyboard */,
				195AC17E2500C4230005A8E5 /* SearchViewController.swift */,
			);
			path = Search;
			sourceTree = "<group>";
		};
		196B379F24F8A8D7004548A3 /* Utils */ = {
			isa = PBXGroup;
			children = (
				197D58B024FCD654009C6974 /* UI */,
				197D58D224FCD8D2009C6974 /* Enum */,
				196B37A024F8A8EB004548A3 /* Storyboard.swift */,
				197D58AE24FCD638009C6974 /* NetworkManager.swift */,
				197D58BF24FCD791009C6974 /* CustomLayout.swift */,
				19052CED24FE2DBF00CDB86D /* APIKey.swift */,
			);
			path = Utils;
			sourceTree = "<group>";
		};
		197D58B024FCD654009C6974 /* UI */ = {
			isa = PBXGroup;
			children = (
				1956623A24FE02B800731A09 /* BaseCollectionView */,
				197D58B824FCD6F2009C6974 /* HeaderCell */,
				197D58B124FCD65E009C6974 /* CollectionCell */,
			);
			path = UI;
			sourceTree = "<group>";
		};
		197D58B124FCD65E009C6974 /* CollectionCell */ = {
			isa = PBXGroup;
			children = (
				197D58B224FCD67D009C6974 /* PhotoCollectionCell.swift */,
				197D58B324FCD67D009C6974 /* PhotoCollectionCell.xib */,
				197D58B624FCD6AA009C6974 /* CellViewModel.swift */,
			);
			path = CollectionCell;
			sourceTree = "<group>";
		};
		197D58B824FCD6F2009C6974 /* HeaderCell */ = {
			isa = PBXGroup;
			children = (
				197D58B924FCD71B009C6974 /* HeaderCollectionReusableView.swift */,
				197D58BA24FCD71B009C6974 /* HeaderCollectionReusableView.xib */,
				197D58BD24FCD744009C6974 /* HeaderViewModel.swift */,
			);
			path = HeaderCell;
			sourceTree = "<group>";
		};
		197D58C124FCD7B6009C6974 /* Models */ = {
			isa = PBXGroup;
			children = (
				197D58C224FCD7CB009C6974 /* Photo.swift */,
				197D58C424FCD7E0009C6974 /* PhotoCollection.swift */,
				197D58C624FCD7F5009C6974 /* Links.swift */,
				197D58C824FCD818009C6974 /* ImageURLs.swift */,
				19052CF924FE2F9C00CDB86D /* Store.swift */,
				195AC1802500C5130005A8E5 /* Search.swift */,
				195AC1842500C5B20005A8E5 /* SearchHistory.swift */,
			);
			path = Models;
			sourceTree = "<group>";
		};
		197D58CA24FCD839009C6974 /* Services */ = {
			isa = PBXGroup;
			children = (
				197D58CD24FCD88F009C6974 /* Request */,
				197D58CB24FCD861009C6974 /* APIService.swift */,
			);
			path = Services;
			sourceTree = "<group>";
		};
		197D58CD24FCD88F009C6974 /* Request */ = {
			isa = PBXGroup;
			children = (
				197D58CE24FCD8A3009C6974 /* BaseRequest.swift */,
				197D58D024FCD8BF009C6974 /* PhotoRequest.swift */,
				197D58E324FCDA16009C6974 /* CollectionsRequest.swift */,
			);
			path = Request;
			sourceTree = "<group>";
		};
		197D58D224FCD8D2009C6974 /* Enum */ = {
			isa = PBXGroup;
			children = (
				197D58D424FCD8E8009C6974 /* Order.swift */,
				197D58D624FCD901009C6974 /* NetworkStatus.swift */,
				197D58D824FCD946009C6974 /* URLs.swift */,
			);
			path = Enum;
			sourceTree = "<group>";
		};
		197D58DC24FCD984009C6974 /* Repositories */ = {
			isa = PBXGroup;
			children = (
				197D58DD24FCD999009C6974 /* BaseRepository.swift */,
				197D58DF24FCD9C0009C6974 /* PhotoRepositories.swift */,
				197D58E124FCD9EB009C6974 /* CollectionsRepositories.swift */,
			);
			path = Repositories;
			sourceTree = "<group>";
		};
		19CE099824F5050100FD21EE /* Coordinator */ = {
			isa = PBXGroup;
			children = (
				19CE099924F5051100FD21EE /* Coordinator.swift */,
				19CE099B24F5052F00FD21EE /* TabCoordinator.swift */,
				192BA2FE24F55189003240DF /* HomeCoordinator.swift */,
				192BA30024F55190003240DF /* StoreCoordinator.swift */,
				1956624824FE04B100731A09 /* DetailPhotoCollectionCoordinator.swift */,
				19052CFB24FE31EE00CDB86D /* DetailPhotoCoordinator.swift */,
				19BC618725008EFE00463EBC /* EditPhotoCoordinator.swift */,
				195AC1822500C53F0005A8E5 /* SearchCoordinator.swift */,
			);
			path = Coordinator;
			sourceTree = "<group>";
		};
		19CE099D24F5054700FD21EE /* Scene */ = {
			isa = PBXGroup;
			children = (
				195AC17B2500C3DC0005A8E5 /* Search */,
				19052CEF24FE2E3400CDB86D /* DetailPhoto */,
				1956624124FE035600731A09 /* DetailPhotoCollecton */,
				19CE099F24F5055900FD21EE /* Tabbar */,
				19CE09A224F5056D00FD21EE /* Store */,
				19CE09A024F5056100FD21EE /* Home */,
				19CE099E24F5055100FD21EE /* Root */,
			);
			path = Scene;
			sourceTree = "<group>";
		};
		19CE099E24F5055100FD21EE /* Root */ = {
			isa = PBXGroup;
			children = (
				19CE09A324F5059400FD21EE /* Root.storyboard */,
				19CE09A524F5059F00FD21EE /* RootViewController.swift */,
			);
			path = Root;
			sourceTree = "<group>";
		};
		19CE099F24F5055900FD21EE /* Tabbar */ = {
			isa = PBXGroup;
			children = (
				19CE09A724F505E400FD21EE /* Tabbar.storyboard */,
				19CE09A924F5061300FD21EE /* MainTabBarViewController.swift */,
			);
			path = Tabbar;
			sourceTree = "<group>";
		};
		19CE09A024F5056100FD21EE /* Home */ = {
			isa = PBXGroup;
			children = (
				19CE09B524F506EC00FD21EE /* HomeViewController.swift */,
				19CE09B324F506D800FD21EE /* Home.storyboard */,
				197D58AC24FCD5DA009C6974 /* HomeViewModel.swift */,
			);
			path = Home;
			sourceTree = "<group>";
		};
		19CE09A224F5056D00FD21EE /* Store */ = {
			isa = PBXGroup;
			children = (
				19CE09AB24F5064B00FD21EE /* Store.storyboard */,
				19CE09AD24F5065F00FD21EE /* StoreViewController.swift */,
			);
			path = Store;
			sourceTree = "<group>";
		};
		19CE09B724F5078400FD21EE /* Extensions */ = {
			isa = PBXGroup;
			children = (
				19CE09B824F5079C00FD21EE /* UIViewController+.swift */,
				197D58AA24FCD4DF009C6974 /* UIColor+.swift */,
			);
			path = Extensions;
			sourceTree = "<group>";
		};
		19E3112624EA538F007ACCB8 = {
			isa = PBXGroup;
			children = (
				19E3113124EA538F007ACCB8 /* Unsplash */,
				19E3113024EA538F007ACCB8 /* Products */,
				7DE146781FAAC1C61CB6BD53 /* Pods */,
				7FF23B22F7FBBBAB544DFE57 /* Frameworks */,
			);
			sourceTree = "<group>";
		};
		19E3113024EA538F007ACCB8 /* Products */ = {
			isa = PBXGroup;
			children = (
				19E3112F24EA538F007ACCB8 /* Unsplash.app */,
			);
			name = Products;
			sourceTree = "<group>";
		};
		19E3113124EA538F007ACCB8 /* Unsplash */ = {
			isa = PBXGroup;
			children = (
				19052CF624FE2EED00CDB86D /* Realm */,
				197D58DC24FCD984009C6974 /* Repositories */,
				197D58CA24FCD839009C6974 /* Services */,
				197D58C124FCD7B6009C6974 /* Models */,
				196B379F24F8A8D7004548A3 /* Utils */,
				19E3114824EA5640007ACCB8 /* Application */,
				19CE09B724F5078400FD21EE /* Extensions */,
				19CE099D24F5054700FD21EE /* Scene */,
				19CE099824F5050100FD21EE /* Coordinator */,
				19E3114A24EA5655007ACCB8 /* Resources */,
				19E3114024EA5391007ACCB8 /* Info.plist */,
			);
			path = Unsplash;
			sourceTree = "<group>";
		};
		19E3114824EA5640007ACCB8 /* Application */ = {
			isa = PBXGroup;
			children = (
				19E3113224EA538F007ACCB8 /* AppDelegate.swift */,
				19E3113424EA538F007ACCB8 /* SceneDelegate.swift */,
			);
			path = Application;
			sourceTree = "<group>";
		};
		19E3114A24EA5655007ACCB8 /* Resources */ = {
			isa = PBXGroup;
			children = (
				19E3113B24EA5390007ACCB8 /* Assets.xcassets */,
				19E3113D24EA5390007ACCB8 /* LaunchScreen.storyboard */,
			);
			path = Resources;
			sourceTree = "<group>";
		};
		7DE146781FAAC1C61CB6BD53 /* Pods */ = {
			isa = PBXGroup;
			children = (
				B4C2FFB85A8188F41925DD36 /* Pods-Unsplash.debug.xcconfig */,
				E19760D2528EB6537CCFCFDC /* Pods-Unsplash.release.xcconfig */,
			);
			path = Pods;
			sourceTree = "<group>";
		};
		7FF23B22F7FBBBAB544DFE57 /* Frameworks */ = {
			isa = PBXGroup;
			children = (
				8119E8815C6CCDECC719E805 /* Pods_Unsplash.framework */,
			);
			name = Frameworks;
			sourceTree = "<group>";
		};
/* End PBXGroup section */

/* Begin PBXNativeTarget section */
		19E3112E24EA538F007ACCB8 /* Unsplash */ = {
			isa = PBXNativeTarget;
			buildConfigurationList = 19E3114324EA5391007ACCB8 /* Build configuration list for PBXNativeTarget "Unsplash" */;
			buildPhases = (
				F85BA4186311E589BEAD0744 /* [CP] Check Pods Manifest.lock */,
				19E3112B24EA538F007ACCB8 /* Sources */,
				19E3112C24EA538F007ACCB8 /* Frameworks */,
				19E3112D24EA538F007ACCB8 /* Resources */,
				19E3114724EA5522007ACCB8 /* SwiftLint */,
				20749EE48904FBDE4AFBE0AF /* [CP] Embed Pods Frameworks */,
			);
			buildRules = (
			);
			dependencies = (
			);
			name = Unsplash;
			productName = Unsplash;
			productReference = 19E3112F24EA538F007ACCB8 /* Unsplash.app */;
			productType = "com.apple.product-type.application";
		};
/* End PBXNativeTarget section */

/* Begin PBXProject section */
		19E3112724EA538F007ACCB8 /* Project object */ = {
			isa = PBXProject;
			attributes = {
				LastSwiftUpdateCheck = 1150;
				LastUpgradeCheck = 1150;
				ORGANIZATIONNAME = "Nha Pham";
				TargetAttributes = {
					19E3112E24EA538F007ACCB8 = {
						CreatedOnToolsVersion = 11.5;
					};
				};
			};
			buildConfigurationList = 19E3112A24EA538F007ACCB8 /* Build configuration list for PBXProject "Unsplash" */;
			compatibilityVersion = "Xcode 9.3";
			developmentRegion = en;
			hasScannedForEncodings = 0;
			knownRegions = (
				en,
				Base,
			);
			mainGroup = 19E3112624EA538F007ACCB8;
			productRefGroup = 19E3113024EA538F007ACCB8 /* Products */;
			projectDirPath = "";
			projectRoot = "";
			targets = (
				19E3112E24EA538F007ACCB8 /* Unsplash */,
			);
		};
/* End PBXProject section */

/* Begin PBXResourcesBuildPhase section */
		19E3112D24EA538F007ACCB8 /* Resources */ = {
			isa = PBXResourcesBuildPhase;
			buildActionMask = 2147483647;
			files = (
				1956624324FE038900731A09 /* DetailPhotoCollection.storyboard in Resources */,
				197D58BC24FCD71B009C6974 /* HeaderCollectionReusableView.xib in Resources */,
				197D58B524FCD67D009C6974 /* PhotoCollectionCell.xib in Resources */,
				1956624D24FE06D400731A09 /* BaseCollectionView.xib in Resources */,
				19CE09AC24F5064B00FD21EE /* Store.storyboard in Resources */,
				19CE09A824F505E400FD21EE /* Tabbar.storyboard in Resources */,
				19E3113F24EA5390007ACCB8 /* LaunchScreen.storyboard in Resources */,
				19E3113C24EA5390007ACCB8 /* Assets.xcassets in Resources */,
				19CE09A424F5059400FD21EE /* Root.storyboard in Resources */,
				19CE09B424F506D800FD21EE /* Home.storyboard in Resources */,
				195AC17D2500C4160005A8E5 /* Search.storyboard in Resources */,
				19052CF124FE2E4900CDB86D /* DetailPhoto.storyboard in Resources */,
			);
			runOnlyForDeploymentPostprocessing = 0;
		};
/* End PBXResourcesBuildPhase section */

/* Begin PBXShellScriptBuildPhase section */
		19E3114724EA5522007ACCB8 /* SwiftLint */ = {
			isa = PBXShellScriptBuildPhase;
			buildActionMask = 2147483647;
			files = (
			);
			inputFileListPaths = (
			);
			inputPaths = (
			);
			name = SwiftLint;
			outputFileListPaths = (
			);
			outputPaths = (
			);
			runOnlyForDeploymentPostprocessing = 0;
			shellPath = /bin/sh;
			shellScript = "if which swiftlint >/dev/null; then\n  swiftlint\nelse\n  echo \"warning: SwiftLint not installed, download from https://github.com/realm/SwiftLint\"\nfi\n";
		};
		20749EE48904FBDE4AFBE0AF /* [CP] Embed Pods Frameworks */ = {
			isa = PBXShellScriptBuildPhase;
			buildActionMask = 2147483647;
			files = (
			);
			inputFileListPaths = (
				"${PODS_ROOT}/Target Support Files/Pods-Unsplash/Pods-Unsplash-frameworks-${CONFIGURATION}-input-files.xcfilelist",
			);
			name = "[CP] Embed Pods Frameworks";
			outputFileListPaths = (
				"${PODS_ROOT}/Target Support Files/Pods-Unsplash/Pods-Unsplash-frameworks-${CONFIGURATION}-output-files.xcfilelist",
			);
			runOnlyForDeploymentPostprocessing = 0;
			shellPath = /bin/sh;
			shellScript = "\"${PODS_ROOT}/Target Support Files/Pods-Unsplash/Pods-Unsplash-frameworks.sh\"\n";
			showEnvVarsInLog = 0;
		};
		F85BA4186311E589BEAD0744 /* [CP] Check Pods Manifest.lock */ = {
			isa = PBXShellScriptBuildPhase;
			buildActionMask = 2147483647;
			files = (
			);
			inputFileListPaths = (
			);
			inputPaths = (
				"${PODS_PODFILE_DIR_PATH}/Podfile.lock",
				"${PODS_ROOT}/Manifest.lock",
			);
			name = "[CP] Check Pods Manifest.lock";
			outputFileListPaths = (
			);
			outputPaths = (
				"$(DERIVED_FILE_DIR)/Pods-Unsplash-checkManifestLockResult.txt",
			);
			runOnlyForDeploymentPostprocessing = 0;
			shellPath = /bin/sh;
			shellScript = "diff \"${PODS_PODFILE_DIR_PATH}/Podfile.lock\" \"${PODS_ROOT}/Manifest.lock\" > /dev/null\nif [ $? != 0 ] ; then\n    # print error to STDERR\n    echo \"error: The sandbox is not in sync with the Podfile.lock. Run 'pod install' or update your CocoaPods installation.\" >&2\n    exit 1\nfi\n# This output is used by Xcode 'outputs' to avoid re-running this script phase.\necho \"SUCCESS\" > \"${SCRIPT_OUTPUT_FILE_0}\"\n";
			showEnvVarsInLog = 0;
		};
/* End PBXShellScriptBuildPhase section */

/* Begin PBXSourcesBuildPhase section */
		19E3112B24EA538F007ACCB8 /* Sources */ = {
			isa = PBXSourcesBuildPhase;
			buildActionMask = 2147483647;
			files = (
				197D58C324FCD7CB009C6974 /* Photo.swift in Sources */,
				197D58CC24FCD861009C6974 /* APIService.swift in Sources */,
				19CE09AE24F5065F00FD21EE /* StoreViewController.swift in Sources */,
				19CE099C24F5052F00FD21EE /* TabCoordinator.swift in Sources */,
				197D58C924FCD818009C6974 /* ImageURLs.swift in Sources */,
				19052CF824FE2EFC00CDB86D /* RealmManager.swift in Sources */,
				19CE099A24F5051100FD21EE /* Coordinator.swift in Sources */,
				197D58D524FCD8E8009C6974 /* Order.swift in Sources */,
				19CE09A624F5059F00FD21EE /* RootViewController.swift in Sources */,
				197D58E424FCDA16009C6974 /* CollectionsRequest.swift in Sources */,
				195AC1812500C5130005A8E5 /* Search.swift in Sources */,
				19BC618825008EFE00463EBC /* EditPhotoCoordinator.swift in Sources */,
				196B37A124F8A8EB004548A3 /* Storyboard.swift in Sources */,
				1956624924FE04B100731A09 /* DetailPhotoCollectionCoordinator.swift in Sources */,
				19CE09AA24F5061300FD21EE /* MainTabBarViewController.swift in Sources */,
				197D58C024FCD791009C6974 /* CustomLayout.swift in Sources */,
				197D58C724FCD7F5009C6974 /* Links.swift in Sources */,
				1956624C24FE06D400731A09 /* BaseCollectionView.swift in Sources */,
				19CE09B624F506EC00FD21EE /* HomeViewController.swift in Sources */,
				19E3113324EA538F007ACCB8 /* AppDelegate.swift in Sources */,
				19CE09B924F5079C00FD21EE /* UIViewController+.swift in Sources */,
				197D58AD24FCD5DA009C6974 /* HomeViewModel.swift in Sources */,
				197D58BB24FCD71B009C6974 /* HeaderCollectionReusableView.swift in Sources */,
				19052CF524FE2ECA00CDB86D /* DetailPhotoViewModel.swift in Sources */,
				197D58D124FCD8BF009C6974 /* PhotoRequest.swift in Sources */,
				197D58B724FCD6AA009C6974 /* CellViewModel.swift in Sources */,
				19052CFC24FE31EE00CDB86D /* DetailPhotoCoordinator.swift in Sources */,
				19052CF324FE2E6200CDB86D /* DetailPhotoViewController.swift in Sources */,
				195AC1832500C53F0005A8E5 /* SearchCoordinator.swift in Sources */,
				197D58BE24FCD744009C6974 /* HeaderViewModel.swift in Sources */,
				197D58DE24FCD999009C6974 /* BaseRepository.swift in Sources */,
				195AC1852500C5B20005A8E5 /* SearchHistory.swift in Sources */,
				1956624724FE03CA00731A09 /* DetailCollectionViewModel.swift in Sources */,
				197D58E224FCD9EB009C6974 /* CollectionsRepositories.swift in Sources */,
				197D58B424FCD67D009C6974 /* PhotoCollectionCell.swift in Sources */,
				19E3113524EA538F007ACCB8 /* SceneDelegate.swift in Sources */,
				197D58AB24FCD4DF009C6974 /* UIColor+.swift in Sources */,
				197D58D724FCD901009C6974 /* NetworkStatus.swift in Sources */,
				197D58C524FCD7E0009C6974 /* PhotoCollection.swift in Sources */,
				195AC17F2500C4230005A8E5 /* SearchViewController.swift in Sources */,
				197D58E024FCD9C0009C6974 /* PhotoRepositories.swift in Sources */,
				197D58D924FCD946009C6974 /* URLs.swift in Sources */,
				197D58AF24FCD638009C6974 /* NetworkManager.swift in Sources */,
				19052CFA24FE2F9C00CDB86D /* Store.swift in Sources */,
				192BA30124F55190003240DF /* StoreCoordinator.swift in Sources */,
				1956624524FE039800731A09 /* DetailPhotoCollectionVC.swift in Sources */,
				197D58CF24FCD8A3009C6974 /* BaseRequest.swift in Sources */,
				19052CEE24FE2DBF00CDB86D /* APIKey.swift in Sources */,
				192BA2FF24F55189003240DF /* HomeCoordinator.swift in Sources */,
			);
			runOnlyForDeploymentPostprocessing = 0;
		};
/* End PBXSourcesBuildPhase section */

/* Begin PBXVariantGroup section */
		19E3113D24EA5390007ACCB8 /* LaunchScreen.storyboard */ = {
			isa = PBXVariantGroup;
			children = (
				19E3113E24EA5390007ACCB8 /* Base */,
			);
			name = LaunchScreen.storyboard;
			sourceTree = "<group>";
		};
/* End PBXVariantGroup section */

/* Begin XCBuildConfiguration section */
		19E3114124EA5391007ACCB8 /* Debug */ = {
			isa = XCBuildConfiguration;
			buildSettings = {
				ALWAYS_SEARCH_USER_PATHS = NO;
				CLANG_ANALYZER_NONNULL = YES;
				CLANG_ANALYZER_NUMBER_OBJECT_CONVERSION = YES_AGGRESSIVE;
				CLANG_CXX_LANGUAGE_STANDARD = "gnu++14";
				CLANG_CXX_LIBRARY = "libc++";
				CLANG_ENABLE_MODULES = YES;
				CLANG_ENABLE_OBJC_ARC = YES;
				CLANG_ENABLE_OBJC_WEAK = YES;
				CLANG_WARN_BLOCK_CAPTURE_AUTORELEASING = YES;
				CLANG_WARN_BOOL_CONVERSION = YES;
				CLANG_WARN_COMMA = YES;
				CLANG_WARN_CONSTANT_CONVERSION = YES;
				CLANG_WARN_DEPRECATED_OBJC_IMPLEMENTATIONS = YES;
				CLANG_WARN_DIRECT_OBJC_ISA_USAGE = YES_ERROR;
				CLANG_WARN_DOCUMENTATION_COMMENTS = YES;
				CLANG_WARN_EMPTY_BODY = YES;
				CLANG_WARN_ENUM_CONVERSION = YES;
				CLANG_WARN_INFINITE_RECURSION = YES;
				CLANG_WARN_INT_CONVERSION = YES;
				CLANG_WARN_NON_LITERAL_NULL_CONVERSION = YES;
				CLANG_WARN_OBJC_IMPLICIT_RETAIN_SELF = YES;
				CLANG_WARN_OBJC_LITERAL_CONVERSION = YES;
				CLANG_WARN_OBJC_ROOT_CLASS = YES_ERROR;
				CLANG_WARN_RANGE_LOOP_ANALYSIS = YES;
				CLANG_WARN_STRICT_PROTOTYPES = YES;
				CLANG_WARN_SUSPICIOUS_MOVE = YES;
				CLANG_WARN_UNGUARDED_AVAILABILITY = YES_AGGRESSIVE;
				CLANG_WARN_UNREACHABLE_CODE = YES;
				CLANG_WARN__DUPLICATE_METHOD_MATCH = YES;
				COPY_PHASE_STRIP = NO;
				DEBUG_INFORMATION_FORMAT = dwarf;
				ENABLE_STRICT_OBJC_MSGSEND = YES;
				ENABLE_TESTABILITY = YES;
				GCC_C_LANGUAGE_STANDARD = gnu11;
				GCC_DYNAMIC_NO_PIC = NO;
				GCC_NO_COMMON_BLOCKS = YES;
				GCC_OPTIMIZATION_LEVEL = 0;
				GCC_PREPROCESSOR_DEFINITIONS = (
					"DEBUG=1",
					"$(inherited)",
				);
				GCC_WARN_64_TO_32_BIT_CONVERSION = YES;
				GCC_WARN_ABOUT_RETURN_TYPE = YES_ERROR;
				GCC_WARN_UNDECLARED_SELECTOR = YES;
				GCC_WARN_UNINITIALIZED_AUTOS = YES_AGGRESSIVE;
				GCC_WARN_UNUSED_FUNCTION = YES;
				GCC_WARN_UNUSED_VARIABLE = YES;
				IPHONEOS_DEPLOYMENT_TARGET = 13.5;
				MTL_ENABLE_DEBUG_INFO = INCLUDE_SOURCE;
				MTL_FAST_MATH = YES;
				ONLY_ACTIVE_ARCH = YES;
				SDKROOT = iphoneos;
				SWIFT_ACTIVE_COMPILATION_CONDITIONS = DEBUG;
				SWIFT_OPTIMIZATION_LEVEL = "-Onone";
			};
			name = Debug;
		};
		19E3114224EA5391007ACCB8 /* Release */ = {
			isa = XCBuildConfiguration;
			buildSettings = {
				ALWAYS_SEARCH_USER_PATHS = NO;
				CLANG_ANALYZER_NONNULL = YES;
				CLANG_ANALYZER_NUMBER_OBJECT_CONVERSION = YES_AGGRESSIVE;
				CLANG_CXX_LANGUAGE_STANDARD = "gnu++14";
				CLANG_CXX_LIBRARY = "libc++";
				CLANG_ENABLE_MODULES = YES;
				CLANG_ENABLE_OBJC_ARC = YES;
				CLANG_ENABLE_OBJC_WEAK = YES;
				CLANG_WARN_BLOCK_CAPTURE_AUTORELEASING = YES;
				CLANG_WARN_BOOL_CONVERSION = YES;
				CLANG_WARN_COMMA = YES;
				CLANG_WARN_CONSTANT_CONVERSION = YES;
				CLANG_WARN_DEPRECATED_OBJC_IMPLEMENTATIONS = YES;
				CLANG_WARN_DIRECT_OBJC_ISA_USAGE = YES_ERROR;
				CLANG_WARN_DOCUMENTATION_COMMENTS = YES;
				CLANG_WARN_EMPTY_BODY = YES;
				CLANG_WARN_ENUM_CONVERSION = YES;
				CLANG_WARN_INFINITE_RECURSION = YES;
				CLANG_WARN_INT_CONVERSION = YES;
				CLANG_WARN_NON_LITERAL_NULL_CONVERSION = YES;
				CLANG_WARN_OBJC_IMPLICIT_RETAIN_SELF = YES;
				CLANG_WARN_OBJC_LITERAL_CONVERSION = YES;
				CLANG_WARN_OBJC_ROOT_CLASS = YES_ERROR;
				CLANG_WARN_RANGE_LOOP_ANALYSIS = YES;
				CLANG_WARN_STRICT_PROTOTYPES = YES;
				CLANG_WARN_SUSPICIOUS_MOVE = YES;
				CLANG_WARN_UNGUARDED_AVAILABILITY = YES_AGGRESSIVE;
				CLANG_WARN_UNREACHABLE_CODE = YES;
				CLANG_WARN__DUPLICATE_METHOD_MATCH = YES;
				COPY_PHASE_STRIP = NO;
				DEBUG_INFORMATION_FORMAT = "dwarf-with-dsym";
				ENABLE_NS_ASSERTIONS = NO;
				ENABLE_STRICT_OBJC_MSGSEND = YES;
				GCC_C_LANGUAGE_STANDARD = gnu11;
				GCC_NO_COMMON_BLOCKS = YES;
				GCC_WARN_64_TO_32_BIT_CONVERSION = YES;
				GCC_WARN_ABOUT_RETURN_TYPE = YES_ERROR;
				GCC_WARN_UNDECLARED_SELECTOR = YES;
				GCC_WARN_UNINITIALIZED_AUTOS = YES_AGGRESSIVE;
				GCC_WARN_UNUSED_FUNCTION = YES;
				GCC_WARN_UNUSED_VARIABLE = YES;
				IPHONEOS_DEPLOYMENT_TARGET = 13.5;
				MTL_ENABLE_DEBUG_INFO = NO;
				MTL_FAST_MATH = YES;
				SDKROOT = iphoneos;
				SWIFT_COMPILATION_MODE = wholemodule;
				SWIFT_OPTIMIZATION_LEVEL = "-O";
				VALIDATE_PRODUCT = YES;
			};
			name = Release;
		};
		19E3114424EA5391007ACCB8 /* Debug */ = {
			isa = XCBuildConfiguration;
			baseConfigurationReference = B4C2FFB85A8188F41925DD36 /* Pods-Unsplash.debug.xcconfig */;
			buildSettings = {
				ASSETCATALOG_COMPILER_APPICON_NAME = AppIcon;
				CODE_SIGN_STYLE = Automatic;
				DEVELOPMENT_TEAM = KHG227KV29;
				INFOPLIST_FILE = Unsplash/Info.plist;
				LD_RUNPATH_SEARCH_PATHS = (
					"$(inherited)",
					"@executable_path/Frameworks",
				);
				PRODUCT_BUNDLE_IDENTIFIER = com.nhapham.Unsplash;
				PRODUCT_NAME = "$(TARGET_NAME)";
				SWIFT_VERSION = 5.0;
				TARGETED_DEVICE_FAMILY = "1,2";
			};
			name = Debug;
		};
		19E3114524EA5391007ACCB8 /* Release */ = {
			isa = XCBuildConfiguration;
			baseConfigurationReference = E19760D2528EB6537CCFCFDC /* Pods-Unsplash.release.xcconfig */;
			buildSettings = {
				ASSETCATALOG_COMPILER_APPICON_NAME = AppIcon;
				CODE_SIGN_STYLE = Automatic;
				DEVELOPMENT_TEAM = KHG227KV29;
				INFOPLIST_FILE = Unsplash/Info.plist;
				LD_RUNPATH_SEARCH_PATHS = (
					"$(inherited)",
					"@executable_path/Frameworks",
				);
				PRODUCT_BUNDLE_IDENTIFIER = com.nhapham.Unsplash;
				PRODUCT_NAME = "$(TARGET_NAME)";
				SWIFT_VERSION = 5.0;
				TARGETED_DEVICE_FAMILY = "1,2";
			};
			name = Release;
		};
/* End XCBuildConfiguration section */

/* Begin XCConfigurationList section */
		19E3112A24EA538F007ACCB8 /* Build configuration list for PBXProject "Unsplash" */ = {
			isa = XCConfigurationList;
			buildConfigurations = (
				19E3114124EA5391007ACCB8 /* Debug */,
				19E3114224EA5391007ACCB8 /* Release */,
			);
			defaultConfigurationIsVisible = 0;
			defaultConfigurationName = Release;
		};
		19E3114324EA5391007ACCB8 /* Build configuration list for PBXNativeTarget "Unsplash" */ = {
			isa = XCConfigurationList;
			buildConfigurations = (
				19E3114424EA5391007ACCB8 /* Debug */,
				19E3114524EA5391007ACCB8 /* Release */,
			);
			defaultConfigurationIsVisible = 0;
			defaultConfigurationName = Release;
		};
/* End XCConfigurationList section */
	};
	rootObject = 19E3112724EA538F007ACCB8 /* Project object */;
}
